
Microsoft Visual Studio Solution File, Format Version 12.00
# Visual Studio Version 17
VisualStudioVersion = 17.3.32804.467
MinimumVisualStudioVersion = 10.0.40219.1
Project("{FAE04EC0-301F-11D3-BF4B-00C04F79EFBC}") = "HMI", "HMI\HMI.csproj", "{30B45011-C1EF-4C50-89C6-F54A47AAA585}"
EndProject
Project("{9A19103F-16F7-4668-BE54-9A1E7A4F7556}") = "WA_Interfaces", "WA_Interfaces\WA_Interfaces.csproj", "{3F8C1D9A-194B-4452-9CFF-0CDE7B7AADFB}"
EndProject
Project("{FAE04EC0-301F-11D3-BF4B-00C04F79EFBC}") = "interfacesAPK.Android", "interfacesAPK\interfacesAPK.Android\interfacesAPK.Android.csproj", "{5534AA91-CFEF-48AF-9C7C-4AFD98840A7A}"
EndProject
Project("{FAE04EC0-301F-11D3-BF4B-00C04F79EFBC}") = "interfacesAPK", "interfacesAPK\interfacesAPK\interfacesAPK.csproj", "{90EEED5E-9106-464A-AED0-62820584351F}"
EndProject
Global
	GlobalSection(SolutionConfigurationPlatforms) = preSolution
		Debug|Any CPU = Debug|Any CPU
		Release|Any CPU = Release|Any CPU
	EndGlobalSection
	GlobalSection(ProjectConfigurationPlatforms) = postSolution
		{30B45011-C1EF-4C50-89C6-F54A47AAA585}.Debug|Any CPU.ActiveCfg = Debug|Any CPU
		{30B45011-C1EF-4C50-89C6-F54A47AAA585}.Debug|Any CPU.Build.0 = Debug|Any CPU
		{30B45011-C1EF-4C50-89C6-F54A47AAA585}.Release|Any CPU.ActiveCfg = Release|Any CPU
		{30B45011-C1EF-4C50-89C6-F54A47AAA585}.Release|Any CPU.Build.0 = Release|Any CPU
		{3F8C1D9A-194B-4452-9CFF-0CDE7B7AADFB}.Debug|Any CPU.ActiveCfg = Debug|Any CPU
		{3F8C1D9A-194B-4452-9CFF-0CDE7B7AADFB}.Debug|Any CPU.Build.0 = Debug|Any CPU
		{3F8C1D9A-194B-4452-9CFF-0CDE7B7AADFB}.Release|Any CPU.ActiveCfg = Release|Any CPU
		{3F8C1D9A-194B-4452-9CFF-0CDE7B7AADFB}.Release|Any CPU.Build.0 = Release|Any CPU
		{5534AA91-CFEF-48AF-9C7C-4AFD98840A7A}.Debug|Any CPU.ActiveCfg = Debug|Any CPU
		{5534AA91-CFEF-48AF-9C7C-4AFD98840A7A}.Debug|Any CPU.Build.0 = Debug|Any CPU
		{5534AA91-CFEF-48AF-9C7C-4AFD98840A7A}.Debug|Any CPU.Deploy.0 = Debug|Any CPU
		{5534AA91-CFEF-48AF-9C7C-4AFD98840A7A}.Release|Any CPU.ActiveCfg = Release|Any CPU
		{5534AA91-CFEF-48AF-9C7C-4AFD98840A7A}.Release|Any CPU.Build.0 = Release|Any CPU
		{5534AA91-CFEF-48AF-9C7C-4AFD98840A7A}.Release|Any CPU.Deploy.0 = Release|Any CPU
		{90EEED5E-9106-464A-AED0-62820584351F}.Debug|Any CPU.ActiveCfg = Debug|Any CPU
		{90EEED5E-9106-464A-AED0-62820584351F}.Debug|Any CPU.Build.0 = Debug|Any CPU
		{90EEED5E-9106-464A-AED0-62820584351F}.Release|Any CPU.ActiveCfg = Release|Any CPU
		{90EEED5E-9106-464A-AED0-62820584351F}.Release|Any CPU.Build.0 = Release|Any CPU
	EndGlobalSection
	GlobalSection(SolutionProperties) = preSolution
		HideSolutionNode = FALSE
	EndGlobalSection
	GlobalSection(ExtensibilityGlobals) = postSolution
		SolutionGuid = {39E2D807-5F6A-473B-82CC-4C02232C376B}
	EndGlobalSection
EndGlobal
